
Microsoft Visual Studio Solution File, Format Version 12.00
# Visual Studio Version 17
VisualStudioVersion = 17.5.33530.505
MinimumVisualStudioVersion = 10.0.40219.1
Project("{9A19103F-16F7-4668-BE54-9A1E7A4F7556}") = "Ej4_6", "Ej4_6\Ej4_6.csproj", "{6443925F-1010-4AAF-A52E-E5F99155CE01}"
EndProject
Project("{9A19103F-16F7-4668-BE54-9A1E7A4F7556}") = "Ej4_9", "Ej4_9\Ej4_9.csproj", "{C196690D-98DC-481E-BE03-ABF372FE6B8A}"
EndProject
Project("{9A19103F-16F7-4668-BE54-9A1E7A4F7556}") = "Ej4_1", "Ej4_1\Ej4_1.csproj", "{63ECD13F-42EF-4DEC-83E9-98B2FBD782AB}"
EndProject
Project("{9A19103F-16F7-4668-BE54-9A1E7A4F7556}") = "Ej4_2", "Ej4_2\Ej4_2.csproj", "{0A7D09CE-E254-4CAD-AEC2-3D67776DB709}"
EndProject
Project("{9A19103F-16F7-4668-BE54-9A1E7A4F7556}") = "Ej4_3", "Ej4_3\Ej4_3.csproj", "{90A69474-11ED-4C22-889B-8146FC237F31}"
EndProject
Project("{9A19103F-16F7-4668-BE54-9A1E7A4F7556}") = "Ej4_4", "Ej4_4\Ej4_4.csproj", "{5C092757-FFAC-4859-85F3-3D406FF58ED9}"
EndProject
Project("{9A19103F-16F7-4668-BE54-9A1E7A4F7556}") = "Ej4_5", "Ej4_5\Ej4_5.csproj", "{E1A768C4-ED33-4E97-BFD0-6ECF9A31E579}"
EndProject
Project("{FAE04EC0-301F-11D3-BF4B-00C04F79EFBC}") = "Ej4_8", "Ej4_8\Ej4_8.csproj", "{003B97D4-EA47-4ECA-A3A3-1C6CF8654098}"
EndProject
Project("{FAE04EC0-301F-11D3-BF4B-00C04F79EFBC}") = "Ej4_7", "Ej4_7\Ej4_7.csproj", "{87DC7C55-8772-4E1E-85A9-D11203A9E93B}"
EndProject
Global
	GlobalSection(SolutionConfigurationPlatforms) = preSolution
		Debug|Any CPU = Debug|Any CPU
		Release|Any CPU = Release|Any CPU
	EndGlobalSection
	GlobalSection(ProjectConfigurationPlatforms) = postSolution
		{6443925F-1010-4AAF-A52E-E5F99155CE01}.Debug|Any CPU.ActiveCfg = Debug|Any CPU
		{6443925F-1010-4AAF-A52E-E5F99155CE01}.Debug|Any CPU.Build.0 = Debug|Any CPU
		{6443925F-1010-4AAF-A52E-E5F99155CE01}.Release|Any CPU.ActiveCfg = Release|Any CPU
		{6443925F-1010-4AAF-A52E-E5F99155CE01}.Release|Any CPU.Build.0 = Release|Any CPU
		{C196690D-98DC-481E-BE03-ABF372FE6B8A}.Debug|Any CPU.ActiveCfg = Debug|Any CPU
		{C196690D-98DC-481E-BE03-ABF372FE6B8A}.Debug|Any CPU.Build.0 = Debug|Any CPU
		{C196690D-98DC-481E-BE03-ABF372FE6B8A}.Release|Any CPU.ActiveCfg = Release|Any CPU
		{C196690D-98DC-481E-BE03-ABF372FE6B8A}.Release|Any CPU.Build.0 = Release|Any CPU
		{63ECD13F-42EF-4DEC-83E9-98B2FBD782AB}.Debug|Any CPU.ActiveCfg = Debug|Any CPU
		{63ECD13F-42EF-4DEC-83E9-98B2FBD782AB}.Debug|Any CPU.Build.0 = Debug|Any CPU
		{63ECD13F-42EF-4DEC-83E9-98B2FBD782AB}.Release|Any CPU.ActiveCfg = Release|Any CPU
		{63ECD13F-42EF-4DEC-83E9-98B2FBD782AB}.Release|Any CPU.Build.0 = Release|Any CPU
		{0A7D09CE-E254-4CAD-AEC2-3D67776DB709}.Debug|Any CPU.ActiveCfg = Debug|Any CPU
		{0A7D09CE-E254-4CAD-AEC2-3D67776DB709}.Debug|Any CPU.Build.0 = Debug|Any CPU
		{0A7D09CE-E254-4CAD-AEC2-3D67776DB709}.Release|Any CPU.ActiveCfg = Release|Any CPU
		{0A7D09CE-E254-4CAD-AEC2-3D67776DB709}.Release|Any CPU.Build.0 = Release|Any CPU
		{90A69474-11ED-4C22-889B-8146FC237F31}.Debug|Any CPU.ActiveCfg = Debug|Any CPU
		{90A69474-11ED-4C22-889B-8146FC237F31}.Debug|Any CPU.Build.0 = Debug|Any CPU
		{90A69474-11ED-4C22-889B-8146FC237F31}.Release|Any CPU.ActiveCfg = Release|Any CPU
		{90A69474-11ED-4C22-889B-8146FC237F31}.Release|Any CPU.Build.0 = Release|Any CPU
		{5C092757-FFAC-4859-85F3-3D406FF58ED9}.Debug|Any CPU.ActiveCfg = Debug|Any CPU
		{5C092757-FFAC-4859-85F3-3D406FF58ED9}.Debug|Any CPU.Build.0 = Debug|Any CPU
		{5C092757-FFAC-4859-85F3-3D406FF58ED9}.Release|Any CPU.ActiveCfg = Release|Any CPU
		{5C092757-FFAC-4859-85F3-3D406FF58ED9}.Release|Any CPU.Build.0 = Release|Any CPU
		{E1A768C4-ED33-4E97-BFD0-6ECF9A31E579}.Debug|Any CPU.ActiveCfg = Debug|Any CPU
		{E1A768C4-ED33-4E97-BFD0-6ECF9A31E579}.Debug|Any CPU.Build.0 = Debug|Any CPU
		{E1A768C4-ED33-4E97-BFD0-6ECF9A31E579}.Release|Any CPU.ActiveCfg = Release|Any CPU
		{E1A768C4-ED33-4E97-BFD0-6ECF9A31E579}.Release|Any CPU.Build.0 = Release|Any CPU
		{003B97D4-EA47-4ECA-A3A3-1C6CF8654098}.Debug|Any CPU.ActiveCfg = Debug|Any CPU
		{003B97D4-EA47-4ECA-A3A3-1C6CF8654098}.Debug|Any CPU.Build.0 = Debug|Any CPU
		{003B97D4-EA47-4ECA-A3A3-1C6CF8654098}.Release|Any CPU.ActiveCfg = Release|Any CPU
		{003B97D4-EA47-4ECA-A3A3-1C6CF8654098}.Release|Any CPU.Build.0 = Release|Any CPU
		{87DC7C55-8772-4E1E-85A9-D11203A9E93B}.Debug|Any CPU.ActiveCfg = Debug|Any CPU
		{87DC7C55-8772-4E1E-85A9-D11203A9E93B}.Debug|Any CPU.Build.0 = Debug|Any CPU
		{87DC7C55-8772-4E1E-85A9-D11203A9E93B}.Release|Any CPU.ActiveCfg = Release|Any CPU
		{87DC7C55-8772-4E1E-85A9-D11203A9E93B}.Release|Any CPU.Build.0 = Release|Any CPU
	EndGlobalSection
	GlobalSection(SolutionProperties) = preSolution
		HideSolutionNode = FALSE
	EndGlobalSection
	GlobalSection(ExtensibilityGlobals) = postSolution
		SolutionGuid = {EA7DB056-FEA4-4579-A713-E206AF9B0492}
	EndGlobalSection
EndGlobal
