
Microsoft Visual Studio Solution File, Format Version 12.00
# Visual Studio Version 17
VisualStudioVersion = 17.5.33530.505
MinimumVisualStudioVersion = 10.0.40219.1
Project("{FAE04EC0-301F-11D3-BF4B-00C04F79EFBC}") = "Ej1", "Ej1.csproj", "{1985F9A0-6312-4288-9CCD-4D5D2D5384FB}"
EndProject
Global
	GlobalSection(SolutionConfigurationPlatforms) = preSolution
		Debug|Any CPU = Debug|Any CPU
		Release|Any CPU = Release|Any CPU
	EndGlobalSection
	GlobalSection(ProjectConfigurationPlatforms) = postSolution
		{1985F9A0-6312-4288-9CCD-4D5D2D5384FB}.Debug|Any CPU.ActiveCfg = Debug|Any CPU
		{1985F9A0-6312-4288-9CCD-4D5D2D5384FB}.Debug|Any CPU.Build.0 = Debug|Any CPU
		{1985F9A0-6312-4288-9CCD-4D5D2D5384FB}.Release|Any CPU.ActiveCfg = Release|Any CPU
		{1985F9A0-6312-4288-9CCD-4D5D2D5384FB}.Release|Any CPU.Build.0 = Release|Any CPU
	EndGlobalSection
	GlobalSection(SolutionProperties) = preSolution
		HideSolutionNode = FALSE
	EndGlobalSection
	GlobalSection(ExtensibilityGlobals) = postSolution
		SolutionGuid = {C816786E-DC49-4CDA-B345-72E5FC68C123}
	EndGlobalSection
EndGlobal
