
Microsoft Visual Studio Solution File, Format Version 12.00
# Visual Studio Version 17
VisualStudioVersion = 17.5.33530.505
MinimumVisualStudioVersion = 10.0.40219.1
Project("{FAE04EC0-301F-11D3-BF4B-00C04F79EFBC}") = "Clases", "Clases\Clases.csproj", "{8D8D72FC-F256-4635-BD2A-28965BBAB0DE}"
EndProject
Project("{FAE04EC0-301F-11D3-BF4B-00C04F79EFBC}") = "Academia", "Academia\Academia.csproj", "{648C3BED-9005-44EE-A159-3AD57EF985C2}"
EndProject
Global
	GlobalSection(SolutionConfigurationPlatforms) = preSolution
		Debug|Any CPU = Debug|Any CPU
		Release|Any CPU = Release|Any CPU
	EndGlobalSection
	GlobalSection(ProjectConfigurationPlatforms) = postSolution
		{8D8D72FC-F256-4635-BD2A-28965BBAB0DE}.Debug|Any CPU.ActiveCfg = Debug|Any CPU
		{8D8D72FC-F256-4635-BD2A-28965BBAB0DE}.Debug|Any CPU.Build.0 = Debug|Any CPU
		{8D8D72FC-F256-4635-BD2A-28965BBAB0DE}.Release|Any CPU.ActiveCfg = Release|Any CPU
		{8D8D72FC-F256-4635-BD2A-28965BBAB0DE}.Release|Any CPU.Build.0 = Release|Any CPU
		{648C3BED-9005-44EE-A159-3AD57EF985C2}.Debug|Any CPU.ActiveCfg = Debug|Any CPU
		{648C3BED-9005-44EE-A159-3AD57EF985C2}.Debug|Any CPU.Build.0 = Debug|Any CPU
		{648C3BED-9005-44EE-A159-3AD57EF985C2}.Release|Any CPU.ActiveCfg = Release|Any CPU
		{648C3BED-9005-44EE-A159-3AD57EF985C2}.Release|Any CPU.Build.0 = Release|Any CPU
	EndGlobalSection
	GlobalSection(SolutionProperties) = preSolution
		HideSolutionNode = FALSE
	EndGlobalSection
	GlobalSection(ExtensibilityGlobals) = postSolution
		SolutionGuid = {E7CB2799-D06D-4CDB-991B-F82B7CAA67C8}
	EndGlobalSection
EndGlobal
