
Microsoft Visual Studio Solution File, Format Version 12.00
# Visual Studio Version 17
VisualStudioVersion = 17.5.33530.505
MinimumVisualStudioVersion = 10.0.40219.1
Project("{FAE04EC0-301F-11D3-BF4B-00C04F79EFBC}") = "Clases", "Clases\Clases.csproj", "{11B807DF-2288-437E-B7AF-FF4C9072B9AF}"
EndProject
Project("{FAE04EC0-301F-11D3-BF4B-00C04F79EFBC}") = "index", "index\index.csproj", "{A6CE8678-531E-447F-BAE0-1029C4961C6A}"
EndProject
Global
	GlobalSection(SolutionConfigurationPlatforms) = preSolution
		Debug|Any CPU = Debug|Any CPU
		Release|Any CPU = Release|Any CPU
	EndGlobalSection
	GlobalSection(ProjectConfigurationPlatforms) = postSolution
		{11B807DF-2288-437E-B7AF-FF4C9072B9AF}.Debug|Any CPU.ActiveCfg = Debug|Any CPU
		{11B807DF-2288-437E-B7AF-FF4C9072B9AF}.Debug|Any CPU.Build.0 = Debug|Any CPU
		{11B807DF-2288-437E-B7AF-FF4C9072B9AF}.Release|Any CPU.ActiveCfg = Release|Any CPU
		{11B807DF-2288-437E-B7AF-FF4C9072B9AF}.Release|Any CPU.Build.0 = Release|Any CPU
		{A6CE8678-531E-447F-BAE0-1029C4961C6A}.Debug|Any CPU.ActiveCfg = Debug|Any CPU
		{A6CE8678-531E-447F-BAE0-1029C4961C6A}.Debug|Any CPU.Build.0 = Debug|Any CPU
		{A6CE8678-531E-447F-BAE0-1029C4961C6A}.Release|Any CPU.ActiveCfg = Release|Any CPU
		{A6CE8678-531E-447F-BAE0-1029C4961C6A}.Release|Any CPU.Build.0 = Release|Any CPU
	EndGlobalSection
	GlobalSection(SolutionProperties) = preSolution
		HideSolutionNode = FALSE
	EndGlobalSection
	GlobalSection(ExtensibilityGlobals) = postSolution
		SolutionGuid = {52A86687-E3EA-4838-B013-BE888B2E0F1C}
	EndGlobalSection
EndGlobal
